{
  "name": "media-downloader",
  "version": "1.0.0",
  "lockfileVersion": 3,
  "requires": true,
  "packages": {
    "": {
      "name": "media-downloader",
      "version": "1.0.0",
      "license": "MIT",
      "bin": {
        "download_media": "download_media"
      },
      "engines": {
        "node": ">=14.0.0"
      }
    }
  }
}
